# This file was autogenerated by Stack.
# You should not edit this file by hand.
# For more information, please see the documentation at:
#   https://docs.haskellstack.org/en/stable/lock_files

packages: []
snapshots:
- completed:
    size: 548401
    url: https://raw.githubusercontent.com/commercialhaskell/stackage-snapshots/master/nightly/2020/11/11.yaml
    sha256: 5b70c782ca664138531e9dd18e71184fded3ddc9ff07b7149131a87b99fa8bec
  original: nightly-2020-11-11
